// !$*UTF8*$!
{
	archiveVersion = 1;
	classes = {
	};
	objectVersion = 56;
	objects = {

/* Begin PBXBuildFile section */
		274FDA3F2B57AF8F00B62C2D /* AppDelegate.swift in Sources */ = {isa = PBXBuildFile; fileRef = 274FDA3E2B57AF8F00B62C2D /* AppDelegate.swift */; };
		274FDA412B57AF8F00B62C2D /* SceneDelegate.swift in Sources */ = {isa = PBXBuildFile; fileRef = 274FDA402B57AF8F00B62C2D /* SceneDelegate.swift */; };
		274FDA462B57AF8F00B62C2D /* Main.storyboard in Resources */ = {isa = PBXBuildFile; fileRef = 274FDA442B57AF8F00B62C2D /* Main.storyboard */; };
		274FDA482B57AF9000B62C2D /* Assets.xcassets in Resources */ = {isa = PBXBuildFile; fileRef = 274FDA472B57AF9000B62C2D /* Assets.xcassets */; };
		274FDA4B2B57AF9000B62C2D /* LaunchScreen.storyboard in Resources */ = {isa = PBXBuildFile; fileRef = 274FDA492B57AF9000B62C2D /* LaunchScreen.storyboard */; };
		274FDA532B57AFBA00B62C2D /* CalendarController.swift in Sources */ = {isa = PBXBuildFile; fileRef = 274FDA522B57AFBA00B62C2D /* CalendarController.swift */; };
		274FDA552B57AFCD00B62C2D /* Event.swift in Sources */ = {isa = PBXBuildFile; fileRef = 274FDA542B57AFCD00B62C2D /* Event.swift */; };
		274FDA572B57AFEC00B62C2D /* CalendarViewLayout.swift in Sources */ = {isa = PBXBuildFile; fileRef = 274FDA562B57AFEC00B62C2D /* CalendarViewLayout.swift */; };
		274FDA592B57AFFC00B62C2D /* EventViewCell.swift in Sources */ = {isa = PBXBuildFile; fileRef = 274FDA582B57AFFC00B62C2D /* EventViewCell.swift */; };
		274FDA5B2B57B01000B62C2D /* HourReusableView.swift in Sources */ = {isa = PBXBuildFile; fileRef = 274FDA5A2B57B01000B62C2D /* HourReusableView.swift */; };
		274FDA662B57B77A00B62C2D /* CalendarHelper.swift in Sources */ = {isa = PBXBuildFile; fileRef = 274FDA652B57B77A00B62C2D /* CalendarHelper.swift */; };
		274FDA682B57B79100B62C2D /* CalendarCell.swift in Sources */ = {isa = PBXBuildFile; fileRef = 274FDA672B57B79100B62C2D /* CalendarCell.swift */; };
		274FDA6C2B57B7B300B62C2D /* TaskModel.swift in Sources */ = {isa = PBXBuildFile; fileRef = 274FDA6B2B57B7B300B62C2D /* TaskModel.swift */; };
		2798B3DA2B59A51700D337E4 /* EventService.swift in Sources */ = {isa = PBXBuildFile; fileRef = 2798B3D92B59A51700D337E4 /* EventService.swift */; };
		2798B3DF2B59B07000D337E4 /* tasks.json in Resources */ = {isa = PBXBuildFile; fileRef = 2798B3DD2B59B06B00D337E4 /* tasks.json */; };
		27FC21442B5E759500BE8F2D /* AddTaskViewController.swift in Sources */ = {isa = PBXBuildFile; fileRef = 27FC21412B5E759500BE8F2D /* AddTaskViewController.swift */; };
		27FC21452B5E759500BE8F2D /* CalendarViewController.swift in Sources */ = {isa = PBXBuildFile; fileRef = 27FC21422B5E759500BE8F2D /* CalendarViewController.swift */; };
		27FC21462B5E759500BE8F2D /* ViewControllerCalendar.swift in Sources */ = {isa = PBXBuildFile; fileRef = 27FC21432B5E759500BE8F2D /* ViewControllerCalendar.swift */; };
		27FC214A2B5E7D1000BE8F2D /* AddTaskView.swift in Sources */ = {isa = PBXBuildFile; fileRef = 27FC21492B5E7D1000BE8F2D /* AddTaskView.swift */; };
		27FF5F1B2B57FBF5007ED53E /* CommonVC.swift in Sources */ = {isa = PBXBuildFile; fileRef = 27FF5F1A2B57FBF5007ED53E /* CommonVC.swift */; };
/* End PBXBuildFile section */

/* Begin PBXFileReference section */
		274FDA3B2B57AF8F00B62C2D /* ObjcCalendar.app */ = {isa = PBXFileReference; explicitFileType = wrapper.application; includeInIndex = 0; path = ObjcCalendar.app; sourceTree = BUILT_PRODUCTS_DIR; };
		274FDA3E2B57AF8F00B62C2D /* AppDelegate.swift */ = {isa = PBXFileReference; lastKnownFileType = sourcecode.swift; path = AppDelegate.swift; sourceTree = "<group>"; };
		274FDA402B57AF8F00B62C2D /* SceneDelegate.swift */ = {isa = PBXFileReference; lastKnownFileType = sourcecode.swift; path = SceneDelegate.swift; sourceTree = "<group>"; };
		274FDA452B57AF8F00B62C2D /* Base */ = {isa = PBXFileReference; lastKnownFileType = file.storyboard; name = Base; path = Base.lproj/Main.storyboard; sourceTree = "<group>"; };
		274FDA472B57AF9000B62C2D /* Assets.xcassets */ = {isa = PBXFileReference; lastKnownFileType = folder.assetcatalog; path = Assets.xcassets; sourceTree = "<group>"; };
		274FDA4A2B57AF9000B62C2D /* Base */ = {isa = PBXFileReference; lastKnownFileType = file.storyboard; name = Base; path = Base.lproj/LaunchScreen.storyboard; sourceTree = "<group>"; };
		274FDA4C2B57AF9000B62C2D /* Info.plist */ = {isa = PBXFileReference; lastKnownFileType = text.plist.xml; path = Info.plist; sourceTree = "<group>"; };
		274FDA522B57AFBA00B62C2D /* CalendarController.swift */ = {isa = PBXFileReference; lastKnownFileType = sourcecode.swift; path = CalendarController.swift; sourceTree = "<group>"; };
		274FDA542B57AFCD00B62C2D /* Event.swift */ = {isa = PBXFileReference; lastKnownFileType = sourcecode.swift; path = Event.swift; sourceTree = "<group>"; };
		274FDA562B57AFEC00B62C2D /* CalendarViewLayout.swift */ = {isa = PBXFileReference; lastKnownFileType = sourcecode.swift; path = CalendarViewLayout.swift; sourceTree = "<group>"; };
		274FDA582B57AFFC00B62C2D /* EventViewCell.swift */ = {isa = PBXFileReference; lastKnownFileType = sourcecode.swift; path = EventViewCell.swift; sourceTree = "<group>"; };
		274FDA5A2B57B01000B62C2D /* HourReusableView.swift */ = {isa = PBXFileReference; lastKnownFileType = sourcecode.swift; path = HourReusableView.swift; sourceTree = "<group>"; };
		274FDA652B57B77A00B62C2D /* CalendarHelper.swift */ = {isa = PBXFileReference; lastKnownFileType = sourcecode.swift; path = CalendarHelper.swift; sourceTree = "<group>"; };
		274FDA672B57B79100B62C2D /* CalendarCell.swift */ = {isa = PBXFileReference; lastKnownFileType = sourcecode.swift; path = CalendarCell.swift; sourceTree = "<group>"; };
		274FDA6B2B57B7B300B62C2D /* TaskModel.swift */ = {isa = PBXFileReference; lastKnownFileType = sourcecode.swift; path = TaskModel.swift; sourceTree = "<group>"; };
		2798B3D92B59A51700D337E4 /* EventService.swift */ = {isa = PBXFileReference; lastKnownFileType = sourcecode.swift; path = EventService.swift; sourceTree = "<group>"; };
		2798B3DD2B59B06B00D337E4 /* tasks.json */ = {isa = PBXFileReference; fileEncoding = 4; lastKnownFileType = text.json; path = tasks.json; sourceTree = "<group>"; };
		27FC21412B5E759500BE8F2D /* AddTaskViewController.swift */ = {isa = PBXFileReference; fileEncoding = 4; lastKnownFileType = sourcecode.swift; path = AddTaskViewController.swift; sourceTree = "<group>"; };
		27FC21422B5E759500BE8F2D /* CalendarViewController.swift */ = {isa = PBXFileReference; fileEncoding = 4; lastKnownFileType = sourcecode.swift; path = CalendarViewController.swift; sourceTree = "<group>"; };
		27FC21432B5E759500BE8F2D /* ViewControllerCalendar.swift */ = {isa = PBXFileReference; fileEncoding = 4; lastKnownFileType = sourcecode.swift; path = ViewControllerCalendar.swift; sourceTree = "<group>"; };
		27FC21492B5E7D1000BE8F2D /* AddTaskView.swift */ = {isa = PBXFileReference; lastKnownFileType = sourcecode.swift; path = AddTaskView.swift; sourceTree = "<group>"; };
		27FF5F1A2B57FBF5007ED53E /* CommonVC.swift */ = {isa = PBXFileReference; lastKnownFileType = sourcecode.swift; path = CommonVC.swift; sourceTree = "<group>"; };
/* End PBXFileReference section */

/* Begin PBXFrameworksBuildPhase section */
		274FDA382B57AF8F00B62C2D /* Frameworks */ = {
			isa = PBXFrameworksBuildPhase;
			buildActionMask = 2147483647;
			files = (
			);
			runOnlyForDeploymentPostprocessing = 0;
		};
/* End PBXFrameworksBuildPhase section */

/* Begin PBXGroup section */
		274FDA322B57AF8F00B62C2D = {
			isa = PBXGroup;
			children = (
				274FDA3D2B57AF8F00B62C2D /* ObjcCalendar */,
				274FDA3C2B57AF8F00B62C2D /* Products */,
			);
			sourceTree = "<group>";
		};
		274FDA3C2B57AF8F00B62C2D /* Products */ = {
			isa = PBXGroup;
			children = (
				274FDA3B2B57AF8F00B62C2D /* ObjcCalendar.app */,
			);
			name = Products;
			sourceTree = "<group>";
		};
		274FDA3D2B57AF8F00B62C2D /* ObjcCalendar */ = {
			isa = PBXGroup;
			children = (
				27FC21482B5E7B2E00BE8F2D /* Models */,
				27FC21472B5E7AE000BE8F2D /* Views */,
				27FC21402B5E759500BE8F2D /* Controllers */,
				27FC213F2B5E756600BE8F2D /* New Group */,
				274FDA642B57B6C800B62C2D /* TasksList */,
				274FDA632B57B6B500B62C2D /* Calendar */,
				274FDA3E2B57AF8F00B62C2D /* AppDelegate.swift */,
				274FDA402B57AF8F00B62C2D /* SceneDelegate.swift */,
				274FDA442B57AF8F00B62C2D /* Main.storyboard */,
				274FDA472B57AF9000B62C2D /* Assets.xcassets */,
				274FDA492B57AF9000B62C2D /* LaunchScreen.storyboard */,
				274FDA4C2B57AF9000B62C2D /* Info.plist */,
				2798B3D92B59A51700D337E4 /* EventService.swift */,
				2798B3DD2B59B06B00D337E4 /* tasks.json */,
			);
			path = ObjcCalendar;
			sourceTree = "<group>";
		};
		274FDA632B57B6B500B62C2D /* Calendar */ = {
			isa = PBXGroup;
			children = (
				274FDA652B57B77A00B62C2D /* CalendarHelper.swift */,
				274FDA6B2B57B7B300B62C2D /* TaskModel.swift */,
			);
			path = Calendar;
			sourceTree = "<group>";
		};
		274FDA642B57B6C800B62C2D /* TasksList */ = {
			isa = PBXGroup;
			children = (
				274FDA522B57AFBA00B62C2D /* CalendarController.swift */,
			);
			path = TasksList;
			sourceTree = "<group>";
		};
		27FC213F2B5E756600BE8F2D /* New Group */ = {
			isa = PBXGroup;
			children = (
			);
			path = "New Group";
			sourceTree = "<group>";
		};
		27FC21402B5E759500BE8F2D /* Controllers */ = {
			isa = PBXGroup;
			children = (
				27FC21412B5E759500BE8F2D /* AddTaskViewController.swift */,
				27FC21422B5E759500BE8F2D /* CalendarViewController.swift */,
				27FC21432B5E759500BE8F2D /* ViewControllerCalendar.swift */,
				27FF5F1A2B57FBF5007ED53E /* CommonVC.swift */,
			);
			path = Controllers;
			sourceTree = "<group>";
		};
		27FC21472B5E7AE000BE8F2D /* Views */ = {
			isa = PBXGroup;
			children = (
				274FDA672B57B79100B62C2D /* CalendarCell.swift */,
				274FDA582B57AFFC00B62C2D /* EventViewCell.swift */,
				274FDA562B57AFEC00B62C2D /* CalendarViewLayout.swift */,
				274FDA5A2B57B01000B62C2D /* HourReusableView.swift */,
				27FC21492B5E7D1000BE8F2D /* AddTaskView.swift */,
			);
			path = Views;
			sourceTree = "<group>";
		};
		27FC21482B5E7B2E00BE8F2D /* Models */ = {
			isa = PBXGroup;
			children = (
				274FDA542B57AFCD00B62C2D /* Event.swift */,
			);
			path = Models;
			sourceTree = "<group>";
		};
/* End PBXGroup section */

/* Begin PBXNativeTarget section */
		274FDA3A2B57AF8F00B62C2D /* ObjcCalendar */ = {
			isa = PBXNativeTarget;
			buildConfigurationList = 274FDA4F2B57AF9000B62C2D /* Build configuration list for PBXNativeTarget "ObjcCalendar" */;
			buildPhases = (
				274FDA372B57AF8F00B62C2D /* Sources */,
				274FDA382B57AF8F00B62C2D /* Frameworks */,
				274FDA392B57AF8F00B62C2D /* Resources */,
			);
			buildRules = (
			);
			dependencies = (
			);
			name = ObjcCalendar;
			productName = ObjcCalendar;
			productReference = 274FDA3B2B57AF8F00B62C2D /* ObjcCalendar.app */;
			productType = "com.apple.product-type.application";
		};
/* End PBXNativeTarget section */

/* Begin PBXProject section */
		274FDA332B57AF8F00B62C2D /* Project object */ = {
			isa = PBXProject;
			attributes = {
				BuildIndependentTargetsInParallel = 1;
				LastSwiftUpdateCheck = 1510;
				LastUpgradeCheck = 1510;
				TargetAttributes = {
					274FDA3A2B57AF8F00B62C2D = {
						CreatedOnToolsVersion = 15.1;
					};
				};
			};
			buildConfigurationList = 274FDA362B57AF8F00B62C2D /* Build configuration list for PBXProject "ObjcCalendar" */;
			compatibilityVersion = "Xcode 14.0";
			developmentRegion = en;
			hasScannedForEncodings = 0;
			knownRegions = (
				en,
				Base,
			);
			mainGroup = 274FDA322B57AF8F00B62C2D;
			productRefGroup = 274FDA3C2B57AF8F00B62C2D /* Products */;
			projectDirPath = "";
			projectRoot = "";
			targets = (
				274FDA3A2B57AF8F00B62C2D /* ObjcCalendar */,
			);
		};
/* End PBXProject section */

/* Begin PBXResourcesBuildPhase section */
		274FDA392B57AF8F00B62C2D /* Resources */ = {
			isa = PBXResourcesBuildPhase;
			buildActionMask = 2147483647;
			files = (
				2798B3DF2B59B07000D337E4 /* tasks.json in Resources */,
				274FDA4B2B57AF9000B62C2D /* LaunchScreen.storyboard in Resources */,
				274FDA482B57AF9000B62C2D /* Assets.xcassets in Resources */,
				274FDA462B57AF8F00B62C2D /* Main.storyboard in Resources */,
			);
			runOnlyForDeploymentPostprocessing = 0;
		};
/* End PBXResourcesBuildPhase section */

/* Begin PBXSourcesBuildPhase section */
		274FDA372B57AF8F00B62C2D /* Sources */ = {
			isa = PBXSourcesBuildPhase;
			buildActionMask = 2147483647;
			files = (
				274FDA532B57AFBA00B62C2D /* CalendarController.swift in Sources */,
				274FDA3F2B57AF8F00B62C2D /* AppDelegate.swift in Sources */,
				2798B3DA2B59A51700D337E4 /* EventService.swift in Sources */,
				27FC214A2B5E7D1000BE8F2D /* AddTaskView.swift in Sources */,
				274FDA592B57AFFC00B62C2D /* EventViewCell.swift in Sources */,
				27FC21452B5E759500BE8F2D /* CalendarViewController.swift in Sources */,
				274FDA6C2B57B7B300B62C2D /* TaskModel.swift in Sources */,
				274FDA412B57AF8F00B62C2D /* SceneDelegate.swift in Sources */,
				274FDA682B57B79100B62C2D /* CalendarCell.swift in Sources */,
				27FF5F1B2B57FBF5007ED53E /* CommonVC.swift in Sources */,
				274FDA662B57B77A00B62C2D /* CalendarHelper.swift in Sources */,
				27FC21442B5E759500BE8F2D /* AddTaskViewController.swift in Sources */,
				27FC21462B5E759500BE8F2D /* ViewControllerCalendar.swift in Sources */,
				274FDA5B2B57B01000B62C2D /* HourReusableView.swift in Sources */,
				274FDA572B57AFEC00B62C2D /* CalendarViewLayout.swift in Sources */,
				274FDA552B57AFCD00B62C2D /* Event.swift in Sources */,
			);
			runOnlyForDeploymentPostprocessing = 0;
		};
/* End PBXSourcesBuildPhase section */

/* Begin PBXVariantGroup section */
		274FDA442B57AF8F00B62C2D /* Main.storyboard */ = {
			isa = PBXVariantGroup;
			children = (
				274FDA452B57AF8F00B62C2D /* Base */,
			);
			name = Main.storyboard;
			sourceTree = "<group>";
		};
		274FDA492B57AF9000B62C2D /* LaunchScreen.storyboard */ = {
			isa = PBXVariantGroup;
			children = (
				274FDA4A2B57AF9000B62C2D /* Base */,
			);
			name = LaunchScreen.storyboard;
			sourceTree = "<group>";
		};
/* End PBXVariantGroup section */

/* Begin XCBuildConfiguration section */
		274FDA4D2B57AF9000B62C2D /* Debug */ = {
			isa = XCBuildConfiguration;
			buildSettings = {
				ALWAYS_SEARCH_USER_PATHS = NO;
				ASSETCATALOG_COMPILER_GENERATE_SWIFT_ASSET_SYMBOL_EXTENSIONS = YES;
				CLANG_ANALYZER_NONNULL = YES;
				CLANG_ANALYZER_NUMBER_OBJECT_CONVERSION = YES_AGGRESSIVE;
				CLANG_CXX_LANGUAGE_STANDARD = "gnu++20";
				CLANG_ENABLE_MODULES = YES;
				CLANG_ENABLE_OBJC_ARC = YES;
				CLANG_ENABLE_OBJC_WEAK = YES;
				CLANG_WARN_BLOCK_CAPTURE_AUTORELEASING = YES;
				CLANG_WARN_BOOL_CONVERSION = YES;
				CLANG_WARN_COMMA = YES;
				CLANG_WARN_CONSTANT_CONVERSION = YES;
				CLANG_WARN_DEPRECATED_OBJC_IMPLEMENTATIONS = YES;
				CLANG_WARN_DIRECT_OBJC_ISA_USAGE = YES_ERROR;
				CLANG_WARN_DOCUMENTATION_COMMENTS = YES;
				CLANG_WARN_EMPTY_BODY = YES;
				CLANG_WARN_ENUM_CONVERSION = YES;
				CLANG_WARN_INFINITE_RECURSION = YES;
				CLANG_WARN_INT_CONVERSION = YES;
				CLANG_WARN_NON_LITERAL_NULL_CONVERSION = YES;
				CLANG_WARN_OBJC_IMPLICIT_RETAIN_SELF = YES;
				CLANG_WARN_OBJC_LITERAL_CONVERSION = YES;
				CLANG_WARN_OBJC_ROOT_CLASS = YES_ERROR;
				CLANG_WARN_QUOTED_INCLUDE_IN_FRAMEWORK_HEADER = YES;
				CLANG_WARN_RANGE_LOOP_ANALYSIS = YES;
				CLANG_WARN_STRICT_PROTOTYPES = YES;
				CLANG_WARN_SUSPICIOUS_MOVE = YES;
				CLANG_WARN_UNGUARDED_AVAILABILITY = YES_AGGRESSIVE;
				CLANG_WARN_UNREACHABLE_CODE = YES;
				CLANG_WARN__DUPLICATE_METHOD_MATCH = YES;
				COPY_PHASE_STRIP = NO;
				DEBUG_INFORMATION_FORMAT = dwarf;
				ENABLE_STRICT_OBJC_MSGSEND = YES;
				ENABLE_TESTABILITY = YES;
				ENABLE_USER_SCRIPT_SANDBOXING = YES;
				GCC_C_LANGUAGE_STANDARD = gnu17;
				GCC_DYNAMIC_NO_PIC = NO;
				GCC_NO_COMMON_BLOCKS = YES;
				GCC_OPTIMIZATION_LEVEL = 0;
				GCC_PREPROCESSOR_DEFINITIONS = (
					"DEBUG=1",
					"$(inherited)",
				);
				GCC_WARN_64_TO_32_BIT_CONVERSION = YES;
				GCC_WARN_ABOUT_RETURN_TYPE = YES_ERROR;
				GCC_WARN_UNDECLARED_SELECTOR = YES;
				GCC_WARN_UNINITIALIZED_AUTOS = YES_AGGRESSIVE;
				GCC_WARN_UNUSED_FUNCTION = YES;
				GCC_WARN_UNUSED_VARIABLE = YES;
				IPHONEOS_DEPLOYMENT_TARGET = 17.2;
				LOCALIZATION_PREFERS_STRING_CATALOGS = YES;
				MTL_ENABLE_DEBUG_INFO = INCLUDE_SOURCE;
				MTL_FAST_MATH = YES;
				ONLY_ACTIVE_ARCH = YES;
				SDKROOT = iphoneos;
				SWIFT_ACTIVE_COMPILATION_CONDITIONS = "DEBUG $(inherited)";
				SWIFT_OPTIMIZATION_LEVEL = "-Onone";
			};
			name = Debug;
		};
		274FDA4E2B57AF9000B62C2D /* Release */ = {
			isa = XCBuildConfiguration;
			buildSettings = {
				ALWAYS_SEARCH_USER_PATHS = NO;
				ASSETCATALOG_COMPILER_GENERATE_SWIFT_ASSET_SYMBOL_EXTENSIONS = YES;
				CLANG_ANALYZER_NONNULL = YES;
				CLANG_ANALYZER_NUMBER_OBJECT_CONVERSION = YES_AGGRESSIVE;
				CLANG_CXX_LANGUAGE_STANDARD = "gnu++20";
				CLANG_ENABLE_MODULES = YES;
				CLANG_ENABLE_OBJC_ARC = YES;
				CLANG_ENABLE_OBJC_WEAK = YES;
				CLANG_WARN_BLOCK_CAPTURE_AUTORELEASING = YES;
				CLANG_WARN_BOOL_CONVERSION = YES;
				CLANG_WARN_COMMA = YES;
				CLANG_WARN_CONSTANT_CONVERSION = YES;
				CLANG_WARN_DEPRECATED_OBJC_IMPLEMENTATIONS = YES;
				CLANG_WARN_DIRECT_OBJC_ISA_USAGE = YES_ERROR;
				CLANG_WARN_DOCUMENTATION_COMMENTS = YES;
				CLANG_WARN_EMPTY_BODY = YES;
				CLANG_WARN_ENUM_CONVERSION = YES;
				CLANG_WARN_INFINITE_RECURSION = YES;
				CLANG_WARN_INT_CONVERSION = YES;
				CLANG_WARN_NON_LITERAL_NULL_CONVERSION = YES;
				CLANG_WARN_OBJC_IMPLICIT_RETAIN_SELF = YES;
				CLANG_WARN_OBJC_LITERAL_CONVERSION = YES;
				CLANG_WARN_OBJC_ROOT_CLASS = YES_ERROR;
				CLANG_WARN_QUOTED_INCLUDE_IN_FRAMEWORK_HEADER = YES;
				CLANG_WARN_RANGE_LOOP_ANALYSIS = YES;
				CLANG_WARN_STRICT_PROTOTYPES = YES;
				CLANG_WARN_SUSPICIOUS_MOVE = YES;
				CLANG_WARN_UNGUARDED_AVAILABILITY = YES_AGGRESSIVE;
				CLANG_WARN_UNREACHABLE_CODE = YES;
				CLANG_WARN__DUPLICATE_METHOD_MATCH = YES;
				COPY_PHASE_STRIP = NO;
				DEBUG_INFORMATION_FORMAT = "dwarf-with-dsym";
				ENABLE_NS_ASSERTIONS = NO;
				ENABLE_STRICT_OBJC_MSGSEND = YES;
				ENABLE_USER_SCRIPT_SANDBOXING = YES;
				GCC_C_LANGUAGE_STANDARD = gnu17;
				GCC_NO_COMMON_BLOCKS = YES;
				GCC_WARN_64_TO_32_BIT_CONVERSION = YES;
				GCC_WARN_ABOUT_RETURN_TYPE = YES_ERROR;
				GCC_WARN_UNDECLARED_SELECTOR = YES;
				GCC_WARN_UNINITIALIZED_AUTOS = YES_AGGRESSIVE;
				GCC_WARN_UNUSED_FUNCTION = YES;
				GCC_WARN_UNUSED_VARIABLE = YES;
				IPHONEOS_DEPLOYMENT_TARGET = 17.2;
				LOCALIZATION_PREFERS_STRING_CATALOGS = YES;
				MTL_ENABLE_DEBUG_INFO = NO;
				MTL_FAST_MATH = YES;
				SDKROOT = iphoneos;
				SWIFT_COMPILATION_MODE = wholemodule;
				VALIDATE_PRODUCT = YES;
			};
			name = Release;
		};
		274FDA502B57AF9000B62C2D /* Debug */ = {
			isa = XCBuildConfiguration;
			buildSettings = {
				ASSETCATALOG_COMPILER_APPICON_NAME = AppIcon;
				ASSETCATALOG_COMPILER_GLOBAL_ACCENT_COLOR_NAME = AccentColor;
				CODE_SIGN_STYLE = Automatic;
				CURRENT_PROJECT_VERSION = 1;
				DEVELOPMENT_TEAM = CYNZRZ47N3;
				GENERATE_INFOPLIST_FILE = YES;
				INFOPLIST_FILE = ObjcCalendar/Info.plist;
				INFOPLIST_KEY_UIApplicationSupportsIndirectInputEvents = YES;
				INFOPLIST_KEY_UILaunchStoryboardName = LaunchScreen;
				INFOPLIST_KEY_UIMainStoryboardFile = Main;
				INFOPLIST_KEY_UISupportedInterfaceOrientations_iPad = "UIInterfaceOrientationPortrait UIInterfaceOrientationPortraitUpsideDown UIInterfaceOrientationLandscapeLeft UIInterfaceOrientationLandscapeRight";
				INFOPLIST_KEY_UISupportedInterfaceOrientations_iPhone = "UIInterfaceOrientationPortrait UIInterfaceOrientationLandscapeLeft UIInterfaceOrientationLandscapeRight";
				IPHONEOS_DEPLOYMENT_TARGET = 17.2;
				LD_RUNPATH_SEARCH_PATHS = (
					"$(inherited)",
					"@executable_path/Frameworks",
				);
				MARKETING_VERSION = 1.0;
				PRODUCT_BUNDLE_IDENTIFIER = testProject1.ObjcCalendar;
				PRODUCT_NAME = "$(TARGET_NAME)";
				SWIFT_EMIT_LOC_STRINGS = YES;
				SWIFT_VERSION = 5.0;
				TARGETED_DEVICE_FAMILY = "1,2";
			};
			name = Debug;
		};
		274FDA512B57AF9000B62C2D /* Release */ = {
			isa = XCBuildConfiguration;
			buildSettings = {
				ASSETCATALOG_COMPILER_APPICON_NAME = AppIcon;
				ASSETCATALOG_COMPILER_GLOBAL_ACCENT_COLOR_NAME = AccentColor;
				CODE_SIGN_STYLE = Automatic;
				CURRENT_PROJECT_VERSION = 1;
				DEVELOPMENT_TEAM = CYNZRZ47N3;
				GENERATE_INFOPLIST_FILE = YES;
				INFOPLIST_FILE = ObjcCalendar/Info.plist;
				INFOPLIST_KEY_UIApplicationSupportsIndirectInputEvents = YES;
				INFOPLIST_KEY_UILaunchStoryboardName = LaunchScreen;
				INFOPLIST_KEY_UIMainStoryboardFile = Main;
				INFOPLIST_KEY_UISupportedInterfaceOrientations_iPad = "UIInterfaceOrientationPortrait UIInterfaceOrientationPortraitUpsideDown UIInterfaceOrientationLandscapeLeft UIInterfaceOrientationLandscapeRight";
				INFOPLIST_KEY_UISupportedInterfaceOrientations_iPhone = "UIInterfaceOrientationPortrait UIInterfaceOrientationLandscapeLeft UIInterfaceOrientationLandscapeRight";
				IPHONEOS_DEPLOYMENT_TARGET = 17.2;
				LD_RUNPATH_SEARCH_PATHS = (
					"$(inherited)",
					"@executable_path/Frameworks",
				);
				MARKETING_VERSION = 1.0;
				PRODUCT_BUNDLE_IDENTIFIER = testProject1.ObjcCalendar;
				PRODUCT_NAME = "$(TARGET_NAME)";
				SWIFT_EMIT_LOC_STRINGS = YES;
				SWIFT_VERSION = 5.0;
				TARGETED_DEVICE_FAMILY = "1,2";
			};
			name = Release;
		};
/* End XCBuildConfiguration section */

/* Begin XCConfigurationList section */
		274FDA362B57AF8F00B62C2D /* Build configuration list for PBXProject "ObjcCalendar" */ = {
			isa = XCConfigurationList;
			buildConfigurations = (
				274FDA4D2B57AF9000B62C2D /* Debug */,
				274FDA4E2B57AF9000B62C2D /* Release */,
			);
			defaultConfigurationIsVisible = 0;
			defaultConfigurationName = Release;
		};
		274FDA4F2B57AF9000B62C2D /* Build configuration list for PBXNativeTarget "ObjcCalendar" */ = {
			isa = XCConfigurationList;
			buildConfigurations = (
				274FDA502B57AF9000B62C2D /* Debug */,
				274FDA512B57AF9000B62C2D /* Release */,
			);
			defaultConfigurationIsVisible = 0;
			defaultConfigurationName = Release;
		};
/* End XCConfigurationList section */
	};
	rootObject = 274FDA332B57AF8F00B62C2D /* Project object */;
}
